{
  "nodes": {
    "flake-utils": {
      "locked": {
        "lastModified": 1659877975,
        "narHash": "sha256-zllb8aq3YO3h8B/U0/J1WBgAL8EX5yWf5pMj3G0NAmc=",
        "owner": "numtide",
        "repo": "flake-utils",
        "rev": "c0e246b9b83f637f4681389ecabcb2681b4f3af0",
        "type": "github"
      },
      "original": {
        "owner": "numtide",
        "repo": "flake-utils",
        "type": "github"
      }
    },
    "magic_enum": {
      "flake": false,
      "locked": {
        "lastModified": 1633736444,
        "narHash": "sha256-21Utq7cmeHEW0rglatIRYjwY4PLGgEjRhGklfv1cx9k=",
        "owner": "Neargye",
        "repo": "magic_enum",
        "rev": "c7a0c83ed44ec793285ebab58a86b232d10b5082",
        "type": "github"
      },
      "original": {
        "owner": "Neargye",
        "repo": "magic_enum",
        "rev": "c7a0c83ed44ec793285ebab58a86b232d10b5082",
        "type": "github"
      }
    },
    "nixpkgs": {
      "locked": {
        "lastModified": 1662767702,
        "narHash": "sha256-SyZ/wcNDdTXTFm6nILQYG2F3YqyHOwd7Di3rdkZbwq4=",
        "owner": "NixOS",
        "repo": "nixpkgs",
        "rev": "eb1f0837a05b77e4e771ae9c687af47391df2981",
        "type": "github"
      },
      "original": {
        "owner": "NixOS",
        "repo": "nixpkgs",
        "type": "github"
      }
    },
    "root": {
      "inputs": {
        "flake-utils": "flake-utils",
        "magic_enum": "magic_enum",
        "nixpkgs": "nixpkgs",
        "semver": "semver",
        "single_application": "single_application"
      }
    },
    "semver": {
      "flake": false,
      "locked": {
        "lastModified": 1623864083,
        "narHash": "sha256-PMslCT6y536MLqDYj6Zrh/bz2cguRpegURUDQ6ugf1Q=",
        "owner": "Neargye",
        "repo": "semver",
        "rev": "2a8aa6a50fdb6a9a7ea519cbfdedb5d313b7844c",
        "type": "github"
      },
      "original": {
        "owner": "Neargye",
        "repo": "semver",
        "rev": "2a8aa6a50fdb6a9a7ea519cbfdedb5d313b7844c",
        "type": "github"
      }
    },
    "single_application": {
      "flake": false,
      "locked": {
        "lastModified": 1633341549,
        "narHash": "sha256-XnCXsi1nWMEXFVZZRNfs8ieO7a5/Z3QZjQzC7V27Yag=",
        "owner": "itay-grudev",
        "repo": "SingleApplication",
        "rev": "0d7b2630bda26f7dd4752c90faa9719455cab433",
        "type": "github"
      },
      "original": {
        "owner": "itay-grudev",
        "repo": "SingleApplication",
        "rev": "0d7b2630bda26f7dd4752c90faa9719455cab433",
        "type": "github"
      }
    }
  },
  "root": "root",
  "version": 7
}
