{
  "nodes": {
    "flake-utils": {
      "locked": {
        "lastModified": 1638122382,
        "narHash": "sha256-sQzZzAbvKEqN9s0bzWuYmRaA03v40gaJ4+iL1LXjaeI=",
        "owner": "numtide",
        "repo": "flake-utils",
        "rev": "74f7e4319258e287b0f9cb95426c9853b282730b",
        "type": "github"
      },
      "original": {
        "owner": "numtide",
        "repo": "flake-utils",
        "type": "github"
      }
    },
    "magic_enum": {
      "flake": false,
      "locked": {
        "lastModified": 1628520270,
        "narHash": "sha256-2UofNUyvq1UBreJyV25+SVT8nvxfZ52v+MC5g33D2rg=",
        "owner": "Neargye",
        "repo": "magic_enum",
        "rev": "38f86e4d093cfc9034a140d37de2168e3951bef3",
        "type": "github"
      },
      "original": {
        "owner": "Neargye",
        "repo": "magic_enum",
        "rev": "38f86e4d093cfc9034a140d37de2168e3951bef3",
        "type": "github"
      }
    },
    "nixpkgs": {
      "locked": {
        "lastModified": 1640907208,
        "narHash": "sha256-hyzzISHfqKuCA3eoPqcEOPX8h6PIEsXDH1iP3EPM5mM=",
        "owner": "NixOS",
        "repo": "nixpkgs",
        "rev": "47e6b33a616764cfea2ad56c372b50a0d37bcdbc",
        "type": "github"
      },
      "original": {
        "owner": "NixOS",
        "ref": "nixos-unstable-small",
        "repo": "nixpkgs",
        "type": "github"
      }
    },
    "root": {
      "inputs": {
        "flake-utils": "flake-utils",
        "magic_enum": "magic_enum",
        "nixpkgs": "nixpkgs",
        "semver": "semver",
        "single_application": "single_application"
      }
    },
    "semver": {
      "flake": false,
      "locked": {
        "lastModified": 1623864083,
        "narHash": "sha256-PMslCT6y536MLqDYj6Zrh/bz2cguRpegURUDQ6ugf1Q=",
        "owner": "Neargye",
        "repo": "semver",
        "rev": "2a8aa6a50fdb6a9a7ea519cbfdedb5d313b7844c",
        "type": "github"
      },
      "original": {
        "owner": "Neargye",
        "repo": "semver",
        "rev": "2a8aa6a50fdb6a9a7ea519cbfdedb5d313b7844c",
        "type": "github"
      }
    },
    "single_application": {
      "flake": false,
      "locked": {
        "lastModified": 1606133031,
        "narHash": "sha256-qjpPYPe1Oism6TetD/dMvTo1qyZKOsOPW+MzzNpJf3A=",
        "owner": "itay-grudev",
        "repo": "SingleApplication",
        "rev": "aede311d28d20179216c5419b581087be2a8409f",
        "type": "github"
      },
      "original": {
        "owner": "itay-grudev",
        "ref": "v3.2.0",
        "repo": "SingleApplication",
        "type": "github"
      }
    }
  },
  "root": "root",
  "version": 7
}
